
Microsoft Visual Studio Solution File, Format Version 12.00
# Visual Studio 15
VisualStudioVersion = 15.0.28010.2019
MinimumVisualStudioVersion = 10.0.40219.1
Project("{FAE04EC0-301F-11D3-BF4B-00C04F79EFBC}") = "crud_genarate", "crud_genarate\crud_genarate.csproj", "{0A7970B1-5E35-49FB-AF85-796A9868316E}"
EndProject
Project("{FAE04EC0-301F-11D3-BF4B-00C04F79EFBC}") = "framework_crud", "framework_crud\framework_crud.csproj", "{ACD2619D-760D-4E53-8108-F43941030E64}"
EndProject
Project("{FAE04EC0-301F-11D3-BF4B-00C04F79EFBC}") = "ConsoleTest", "ConsoleTest\ConsoleTest.csproj", "{D732CBB3-63A2-48C5-8FBD-AAD351E38ED1}"
EndProject
Project("{FAE04EC0-301F-11D3-BF4B-00C04F79EFBC}") = "ORM_DEMO", "ORM_DEMO\ORM_DEMO.csproj", "{1BCB87F5-0455-427B-8656-E367A8F6E9D7}"
EndProject
Global
	GlobalSection(SolutionConfigurationPlatforms) = preSolution
		Debug|Any CPU = Debug|Any CPU
		Release|Any CPU = Release|Any CPU
	EndGlobalSection
	GlobalSection(ProjectConfigurationPlatforms) = postSolution
		{0A7970B1-5E35-49FB-AF85-796A9868316E}.Debug|Any CPU.ActiveCfg = Debug|Any CPU
		{0A7970B1-5E35-49FB-AF85-796A9868316E}.Debug|Any CPU.Build.0 = Debug|Any CPU
		{0A7970B1-5E35-49FB-AF85-796A9868316E}.Release|Any CPU.ActiveCfg = Release|Any CPU
		{0A7970B1-5E35-49FB-AF85-796A9868316E}.Release|Any CPU.Build.0 = Release|Any CPU
		{ACD2619D-760D-4E53-8108-F43941030E64}.Debug|Any CPU.ActiveCfg = Debug|Any CPU
		{ACD2619D-760D-4E53-8108-F43941030E64}.Debug|Any CPU.Build.0 = Debug|Any CPU
		{ACD2619D-760D-4E53-8108-F43941030E64}.Release|Any CPU.ActiveCfg = Release|Any CPU
		{ACD2619D-760D-4E53-8108-F43941030E64}.Release|Any CPU.Build.0 = Release|Any CPU
		{D732CBB3-63A2-48C5-8FBD-AAD351E38ED1}.Debug|Any CPU.ActiveCfg = Debug|Any CPU
		{D732CBB3-63A2-48C5-8FBD-AAD351E38ED1}.Debug|Any CPU.Build.0 = Debug|Any CPU
		{D732CBB3-63A2-48C5-8FBD-AAD351E38ED1}.Release|Any CPU.ActiveCfg = Release|Any CPU
		{D732CBB3-63A2-48C5-8FBD-AAD351E38ED1}.Release|Any CPU.Build.0 = Release|Any CPU
		{1BCB87F5-0455-427B-8656-E367A8F6E9D7}.Debug|Any CPU.ActiveCfg = Debug|Any CPU
		{1BCB87F5-0455-427B-8656-E367A8F6E9D7}.Debug|Any CPU.Build.0 = Debug|Any CPU
		{1BCB87F5-0455-427B-8656-E367A8F6E9D7}.Release|Any CPU.ActiveCfg = Release|Any CPU
		{1BCB87F5-0455-427B-8656-E367A8F6E9D7}.Release|Any CPU.Build.0 = Release|Any CPU
	EndGlobalSection
	GlobalSection(SolutionProperties) = preSolution
		HideSolutionNode = FALSE
	EndGlobalSection
	GlobalSection(ExtensibilityGlobals) = postSolution
		SolutionGuid = {FB04F24B-4FD4-4AD4-8D45-5F570883E8C2}
	EndGlobalSection
EndGlobal
